
Microsoft Visual Studio Solution File, Format Version 11.00
# Visual Studio 2010
Project("{8BC9CEB8-8B4A-11D0-8D11-00A0C91BC942}") = "GDISpyhook", "GDISpyhook\GDISpyhook.vcxproj", "{65F73B62-492C-4CE8-BD5F-E0A6D84CAE28}"
EndProject
Project("{8BC9CEB8-8B4A-11D0-8D11-00A0C91BC942}") = "GDISpy", "GDISpy\GDISpy.vcxproj", "{10709018-DD70-4BE3-BEB9-98896928C20A}"
EndProject
Global
	GlobalSection(SolutionConfigurationPlatforms) = preSolution
		Debug|Win32 = Debug|Win32
		Release|Win32 = Release|Win32
	EndGlobalSection
	GlobalSection(ProjectConfigurationPlatforms) = postSolution
		{65F73B62-492C-4CE8-BD5F-E0A6D84CAE28}.Debug|Win32.ActiveCfg = Debug|Win32
		{65F73B62-492C-4CE8-BD5F-E0A6D84CAE28}.Debug|Win32.Build.0 = Debug|Win32
		{65F73B62-492C-4CE8-BD5F-E0A6D84CAE28}.Release|Win32.ActiveCfg = Release|Win32
		{65F73B62-492C-4CE8-BD5F-E0A6D84CAE28}.Release|Win32.Build.0 = Release|Win32
		{10709018-DD70-4BE3-BEB9-98896928C20A}.Debug|Win32.ActiveCfg = Debug|Win32
		{10709018-DD70-4BE3-BEB9-98896928C20A}.Debug|Win32.Build.0 = Debug|Win32
		{10709018-DD70-4BE3-BEB9-98896928C20A}.Release|Win32.ActiveCfg = Release|Win32
		{10709018-DD70-4BE3-BEB9-98896928C20A}.Release|Win32.Build.0 = Release|Win32
	EndGlobalSection
	GlobalSection(SolutionProperties) = preSolution
		HideSolutionNode = FALSE
	EndGlobalSection
EndGlobal
